
Microsoft Visual Studio Solution File, Format Version 12.00
# Visual Studio Version 17
VisualStudioVersion = 17.8.34330.188
MinimumVisualStudioVersion = 10.0.40219.1
Project("{9A19103F-16F7-4668-BE54-9A1E7A4F7556}") = "Practice", "Practice\Practice.csproj", "{718D4F72-144D-4F0C-9273-BA3F5D8F9B85}"
EndProject
Project("{FAE04EC0-301F-11D3-BF4B-00C04F79EFBC}") = "Exercise1_UnitTest", "HuffmanDecodingUnitTest\Exercise1_UnitTest.csproj", "{62F101E1-1B6D-4E6A-A4F0-4D954CDBA0A2}"
EndProject
Global
	GlobalSection(SolutionConfigurationPlatforms) = preSolution
		Debug|Any CPU = Debug|Any CPU
		Release|Any CPU = Release|Any CPU
	EndGlobalSection
	GlobalSection(ProjectConfigurationPlatforms) = postSolution
		{718D4F72-144D-4F0C-9273-BA3F5D8F9B85}.Debug|Any CPU.ActiveCfg = Debug|Any CPU
		{718D4F72-144D-4F0C-9273-BA3F5D8F9B85}.Debug|Any CPU.Build.0 = Debug|Any CPU
		{718D4F72-144D-4F0C-9273-BA3F5D8F9B85}.Release|Any CPU.ActiveCfg = Release|Any CPU
		{718D4F72-144D-4F0C-9273-BA3F5D8F9B85}.Release|Any CPU.Build.0 = Release|Any CPU
		{62F101E1-1B6D-4E6A-A4F0-4D954CDBA0A2}.Debug|Any CPU.ActiveCfg = Debug|Any CPU
		{62F101E1-1B6D-4E6A-A4F0-4D954CDBA0A2}.Debug|Any CPU.Build.0 = Debug|Any CPU
		{62F101E1-1B6D-4E6A-A4F0-4D954CDBA0A2}.Release|Any CPU.ActiveCfg = Release|Any CPU
		{62F101E1-1B6D-4E6A-A4F0-4D954CDBA0A2}.Release|Any CPU.Build.0 = Release|Any CPU
	EndGlobalSection
	GlobalSection(SolutionProperties) = preSolution
		HideSolutionNode = FALSE
	EndGlobalSection
	GlobalSection(ExtensibilityGlobals) = postSolution
		SolutionGuid = {70B5F7E0-5B48-4D1E-9D86-0CB4A20D57FA}
	EndGlobalSection
EndGlobal
